github.com/MixinNetwork/go-number v0.0.0-20180814121220-f48e2574d9ef h1:voLSevPsupH+UzSIhDZWKAnnw9NdCROYnRLuVB/de1E=
github.com/MixinNetwork/go-number v0.0.0-20180814121220-f48e2574d9ef/go.mod h1:yED1WX0flPw5EBTLHye6ob3FnurCNk/Yk5NUe5VVWzg=
github.com/fxtlabs/date v0.0.0-20150819233934-d9ab6e2a88a9 h1:NERIc41aohgojUAgWCCnN5B8dIXZsBo2UC04LR3tbao=
github.com/fxtlabs/date v0.0.0-20150819233934-d9ab6e2a88a9/go.mod h1:UoIEyXCyEJ1Zu3ejiUOSngl9U5Oe9S+qaNiYiUex2nk=
github.com/heketi/utils v0.0.0-20170317161834-435bc5bdfa64 h1:dk3GEa55HcRVIyCeNQmwwwH3kIXnqJPNseKOkDD+7uQ=
github.com/heketi/utils v0.0.0-20170317161834-435bc5bdfa64/go.mod h1:RYlF4ghFZPPmk2TC5REt5OFwvfb6lzxFWrTWB+qs28s=
github.com/lpabon/godbc v0.1.1 h1:ilqjArN1UOENJJdM34I2YHKmF/B0gGq4VLoSGy9iAao=
github.com/lpabon/godbc v0.1.1/go.mod h1:Jo9QV0cf3U6jZABgiJ2skINAXb9j8m51r07g4KI92ZA=
github.com/naoina/go-stringutil v0.1.0 h1:rCUeRUHjBjGTSHl0VC00jUPLz8/F9dDzYI70Hzifhks=
github.com/naoina/go-stringutil v0.1.0/go.mod h1:XJ2SJL9jCtBh+P9q5btrd/Ylo8XwT/h1USek5+NqSA0=
github.com/pefish/go-string v0.0.3 h1:3rXI1UQS5qKXl/mbzhObwPcRzlkxgREsDJPebUY/fXw=
github.com/pefish/go-string v0.0.3/go.mod h1:pCtpTZOvsAsTZNGByIevlSW85+Qv8DjTXljwDpEGYvs=
github.com/shopspring/decimal v0.0.0-20180709203117-cd690d0c9e24 h1:pntxY8Ary0t43dCZ5dqY4YTJCObLY1kIXl0uzMv+7DE=
github.com/shopspring/decimal v0.0.0-20180709203117-cd690d0c9e24/go.mod h1:M+9NzErvs504Cn4c5DxATwIqPbtswREoFCre64PpcG4=
golang.org/x/text v0.0.0-20170915032832-14c0d48ead0c h1:qgOY6WgZOaTkIIMiVjBQcw93ERBE4m30iBm00nkL0i8=
golang.org/x/text v0.0.0-20170915032832-14c0d48ead0c/go.mod h1:NqM8EUOU14njkJ3fqMW+pc6Ldnwhi/IjpwHt7yyuwOQ=
rsc.io/quote v1.5.2 h1:w5fcysjrx7yqtD/aO+QwRjYZOKnaM9Uh2b40tElTs3Y=
rsc.io/quote v1.5.2/go.mod h1:LzX7hefJvL54yjefDEDHNONDjII0t9xZLPXsUe+TKr0=
rsc.io/sampler v1.3.0 h1:7uVkIFmeBqHfdjD+gZwtXXI+RODJ2Wc4O7MPEh/QiW4=
rsc.io/sampler v1.3.0/go.mod h1:T1hPZKmBbMNahiBKFy5HrXp6adAjACjK9JXDnKaTXpA=
